
Microsoft Visual Studio Solution File, Format Version 12.00
# Visual Studio Version 16
VisualStudioVersion = 16.0.31424.327
MinimumVisualStudioVersion = 10.0.40219.1
Project("{FAE04EC0-301F-11D3-BF4B-00C04F79EFBC}") = "WindowsFormsApp1", "WindowsFormsApp1\WindowsFormsApp1.csproj", "{D2E47F77-0801-4033-9088-2C0F495F1E38}"
EndProject
Global
	GlobalSection(SolutionConfigurationPlatforms) = preSolution
		Debug|Any CPU = Debug|Any CPU
		Release|Any CPU = Release|Any CPU
	EndGlobalSection
	GlobalSection(ProjectConfigurationPlatforms) = postSolution
		{D2E47F77-0801-4033-9088-2C0F495F1E38}.Debug|Any CPU.ActiveCfg = Debug|Any CPU
		{D2E47F77-0801-4033-9088-2C0F495F1E38}.Debug|Any CPU.Build.0 = Debug|Any CPU
		{D2E47F77-0801-4033-9088-2C0F495F1E38}.Release|Any CPU.ActiveCfg = Release|Any CPU
		{D2E47F77-0801-4033-9088-2C0F495F1E38}.Release|Any CPU.Build.0 = Release|Any CPU
	EndGlobalSection
	GlobalSection(SolutionProperties) = preSolution
		HideSolutionNode = FALSE
	EndGlobalSection
	GlobalSection(ExtensibilityGlobals) = postSolution
		SolutionGuid = {EE1F0BD3-B3B1-40D1-9BC9-E0B4C84896FC}
	EndGlobalSection
EndGlobal
